
Microsoft Visual Studio Solution File, Format Version 12.00
# Visual Studio Version 17
VisualStudioVersion = 17.7.34009.444
MinimumVisualStudioVersion = 10.0.40219.1
Project("{FAE04EC0-301F-11D3-BF4B-00C04F79EFBC}") = "FunctionApp3", "FunctionApp3\FunctionApp3.csproj", "{399F65E4-1FB3-49BF-90E9-1765C1CBD822}"
EndProject
Global
	GlobalSection(SolutionConfigurationPlatforms) = preSolution
		Debug|Any CPU = Debug|Any CPU
		Release|Any CPU = Release|Any CPU
	EndGlobalSection
	GlobalSection(ProjectConfigurationPlatforms) = postSolution
		{399F65E4-1FB3-49BF-90E9-1765C1CBD822}.Debug|Any CPU.ActiveCfg = Debug|Any CPU
		{399F65E4-1FB3-49BF-90E9-1765C1CBD822}.Debug|Any CPU.Build.0 = Debug|Any CPU
		{399F65E4-1FB3-49BF-90E9-1765C1CBD822}.Release|Any CPU.ActiveCfg = Release|Any CPU
		{399F65E4-1FB3-49BF-90E9-1765C1CBD822}.Release|Any CPU.Build.0 = Release|Any CPU
	EndGlobalSection
	GlobalSection(SolutionProperties) = preSolution
		HideSolutionNode = FALSE
	EndGlobalSection
	GlobalSection(ExtensibilityGlobals) = postSolution
		SolutionGuid = {4C3F545A-8BDB-410C-B880-665197700AF4}
	EndGlobalSection
EndGlobal
